
Microsoft Visual Studio Solution File, Format Version 12.00
# Visual Studio Version 16
VisualStudioVersion = 16.0.30309.148
MinimumVisualStudioVersion = 10.0.40219.1
Project("{9A19103F-16F7-4668-BE54-9A1E7A4F7556}") = "PartyInvites", "PartyInvites.csproj", "{5E8EA9F7-E854-4A2B-8EA5-7BB2AE5FED0D}"
EndProject
Global
	GlobalSection(SolutionConfigurationPlatforms) = preSolution
		Debug|Any CPU = Debug|Any CPU
		Release|Any CPU = Release|Any CPU
	EndGlobalSection
	GlobalSection(ProjectConfigurationPlatforms) = postSolution
		{5E8EA9F7-E854-4A2B-8EA5-7BB2AE5FED0D}.Debug|Any CPU.ActiveCfg = Debug|Any CPU
		{5E8EA9F7-E854-4A2B-8EA5-7BB2AE5FED0D}.Debug|Any CPU.Build.0 = Debug|Any CPU
		{5E8EA9F7-E854-4A2B-8EA5-7BB2AE5FED0D}.Release|Any CPU.ActiveCfg = Release|Any CPU
		{5E8EA9F7-E854-4A2B-8EA5-7BB2AE5FED0D}.Release|Any CPU.Build.0 = Release|Any CPU
	EndGlobalSection
	GlobalSection(SolutionProperties) = preSolution
		HideSolutionNode = FALSE
	EndGlobalSection
	GlobalSection(ExtensibilityGlobals) = postSolution
		SolutionGuid = {594D5EAA-D842-4B72-9E3F-3A42DFECB4DB}
	EndGlobalSection
EndGlobal
